
Microsoft Visual Studio Solution File, Format Version 12.00
# Visual Studio 15
VisualStudioVersion = 15.0.27428.2037
MinimumVisualStudioVersion = 10.0.40219.1
Project("{FAE04EC0-301F-11D3-BF4B-00C04F79EFBC}") = "Web", "MVC\Web.csproj", "{FDA7935B-F09C-4BB9-A001-DF93A4C99FA7}"
EndProject
Project("{FAE04EC0-301F-11D3-BF4B-00C04F79EFBC}") = "API", "API\API.csproj", "{91FAD947-017D-4E92-B48B-7462D58C794A}"
EndProject
Global
	GlobalSection(SolutionConfigurationPlatforms) = preSolution
		Debug|Any CPU = Debug|Any CPU
		Release|Any CPU = Release|Any CPU
	EndGlobalSection
	GlobalSection(ProjectConfigurationPlatforms) = postSolution
		{FDA7935B-F09C-4BB9-A001-DF93A4C99FA7}.Debug|Any CPU.ActiveCfg = Debug|Any CPU
		{FDA7935B-F09C-4BB9-A001-DF93A4C99FA7}.Debug|Any CPU.Build.0 = Debug|Any CPU
		{FDA7935B-F09C-4BB9-A001-DF93A4C99FA7}.Release|Any CPU.ActiveCfg = Release|Any CPU
		{FDA7935B-F09C-4BB9-A001-DF93A4C99FA7}.Release|Any CPU.Build.0 = Release|Any CPU
		{91FAD947-017D-4E92-B48B-7462D58C794A}.Debug|Any CPU.ActiveCfg = Debug|Any CPU
		{91FAD947-017D-4E92-B48B-7462D58C794A}.Debug|Any CPU.Build.0 = Debug|Any CPU
		{91FAD947-017D-4E92-B48B-7462D58C794A}.Release|Any CPU.ActiveCfg = Release|Any CPU
		{91FAD947-017D-4E92-B48B-7462D58C794A}.Release|Any CPU.Build.0 = Release|Any CPU
	EndGlobalSection
	GlobalSection(SolutionProperties) = preSolution
		HideSolutionNode = FALSE
	EndGlobalSection
	GlobalSection(ExtensibilityGlobals) = postSolution
		SolutionGuid = {2274592A-5E34-4F52-97B5-1DAA76BFCFD5}
	EndGlobalSection
EndGlobal
